{
    "_readme": [
        "This file locks the dependencies of your project to a known state",
        "Read more about it at https://getcomposer.org/doc/01-basic-usage.md#installing-dependencies",
        "This file is @generated automatically"
    ],
    "content-hash": "520710fcc77c42fa6dd1fa8befc807ee",
    "packages": [
        {
            "name": "psr/log",
            "version": "1.1.0",
            "source": {
                "type": "git",
                "url": "https://github.com/php-fig/log.git",
                "reference": "6c001f1daafa3a3ac1d8ff69ee4db8e799a654dd"
            },
            "dist": {
                "type": "zip",
                "url": "https://api.github.com/repos/php-fig/log/zipball/6c001f1daafa3a3ac1d8ff69ee4db8e799a654dd",
                "reference": "6c001f1daafa3a3ac1d8ff69ee4db8e799a654dd",
                "shasum": ""
            },
            "require": {
                "php": ">=5.3.0"
            },
            "type": "library",
            "extra": {
                "branch-alias": {
                    "dev-master": "1.0.x-dev"
                }
            },
            "autoload": {
                "psr-4": {
                    "Psr\\Log\\": "Psr/Log/"
                }
            },
            "notification-url": "https://packagist.org/downloads/",
            "license": [
                "MIT"
            ],
            "authors": [
                {
                    "name": "PHP-FIG",
                    "homepage": "http://www.php-fig.org/"
                }
            ],
            "description": "Common interface for logging libraries",
            "homepage": "https://github.com/php-fig/log",
            "keywords": [
                "log",
                "psr",
                "psr-3"
            ],
            "time": "2018-11-20T15:27:04+00:00"
        },
        {
            "name": "symfony/console",
            "version": "v3.1.10",
            "source": {
                "type": "git",
                "url": "https://github.com/symfony/console.git",
                "reference": "047f16485d68c083bd5d9b73ff16f9cb9c1a9f52"
            },
            "dist": {
                "type": "zip",
                "url": "https://api.github.com/repos/symfony/console/zipball/047f16485d68c083bd5d9b73ff16f9cb9c1a9f52",
                "reference": "047f16485d68c083bd5d9b73ff16f9cb9c1a9f52",
                "shasum": ""
            },
            "require": {
                "php": ">=5.5.9",
                "symfony/debug": "~2.8|~3.0",
                "symfony/polyfill-mbstring": "~1.0"
            },
            "require-dev": {
                "psr/log": "~1.0",
                "symfony/event-dispatcher": "~2.8|~3.0",
                "symfony/process": "~2.8|~3.0"
            },
            "suggest": {
                "psr/log": "For using the console logger",
                "symfony/event-dispatcher": "",
                "symfony/process": ""
            },
            "type": "library",
            "extra": {
                "branch-alias": {
                    "dev-master": "3.1-dev"
                }
            },
            "autoload": {
                "psr-4": {
                    "Symfony\\Component\\Console\\": ""
                },
                "exclude-from-classmap": [
                    "/Tests/"
                ]
            },
            "notification-url": "https://packagist.org/downloads/",
            "license": [
                "MIT"
            ],
            "authors": [
                {
                    "name": "Fabien Potencier",
                    "email": "fabien@symfony.com"
                },
                {
                    "name": "Symfony Community",
                    "homepage": "https://symfony.com/contributors"
                }
            ],
            "description": "Symfony Console Component",
            "homepage": "https://symfony.com",
            "time": "2017-01-08T20:43:43+00:00"
        },
        {
            "name": "symfony/debug",
            "version": "v3.4.27",
            "source": {
                "type": "git",
                "url": "https://github.com/symfony/debug.git",
                "reference": "681afbb26488903c5ac15e63734f1d8ac430c9b9"
            },
            "dist": {
                "type": "zip",
                "url": "https://api.github.com/repos/symfony/debug/zipball/681afbb26488903c5ac15e63734f1d8ac430c9b9",
                "reference": "681afbb26488903c5ac15e63734f1d8ac430c9b9",
                "shasum": ""
            },
            "require": {
                "php": "^5.5.9|>=7.0.8",
                "psr/log": "~1.0"
            },
            "conflict": {
                "symfony/http-kernel": ">=2.3,<2.3.24|~2.4.0|>=2.5,<2.5.9|>=2.6,<2.6.2"
            },
            "require-dev": {
                "symfony/http-kernel": "~2.8|~3.0|~4.0"
            },
            "type": "library",
            "extra": {
                "branch-alias": {
                    "dev-master": "3.4-dev"
                }
            },
            "autoload": {
                "psr-4": {
                    "Symfony\\Component\\Debug\\": ""
                },
                "exclude-from-classmap": [
                    "/Tests/"
                ]
            },
            "notification-url": "https://packagist.org/downloads/",
            "license": [
                "MIT"
            ],
            "authors": [
                {
                    "name": "Fabien Potencier",
                    "email": "fabien@symfony.com"
                },
                {
                    "name": "Symfony Community",
                    "homepage": "https://symfony.com/contributors"
                }
            ],
            "description": "Symfony Debug Component",
            "homepage": "https://symfony.com",
            "time": "2019-04-11T09:48:14+00:00"
        },
        {
            "name": "symfony/polyfill-mbstring",
            "version": "v1.11.0",
            "source": {
                "type": "git",
                "url": "https://github.com/symfony/polyfill-mbstring.git",
                "reference": "fe5e94c604826c35a32fa832f35bd036b6799609"
            },
            "dist": {
                "type": "zip",
                "url": "https://api.github.com/repos/symfony/polyfill-mbstring/zipball/fe5e94c604826c35a32fa832f35bd036b6799609",
                "reference": "fe5e94c604826c35a32fa832f35bd036b6799609",
                "shasum": ""
            },
            "require": {
                "php": ">=5.3.3"
            },
            "suggest": {
                "ext-mbstring": "For best performance"
            },
            "type": "library",
            "extra": {
                "branch-alias": {
                    "dev-master": "1.11-dev"
                }
            },
            "autoload": {
                "psr-4": {
                    "Symfony\\Polyfill\\Mbstring\\": ""
                },
                "files": [
                    "bootstrap.php"
                ]
            },
            "notification-url": "https://packagist.org/downloads/",
            "license": [
                "MIT"
            ],
            "authors": [
                {
                    "name": "Nicolas Grekas",
                    "email": "p@tchwork.com"
                },
                {
                    "name": "Symfony Community",
                    "homepage": "https://symfony.com/contributors"
                }
            ],
            "description": "Symfony polyfill for the Mbstring extension",
            "homepage": "https://symfony.com",
            "keywords": [
                "compatibility",
                "mbstring",
                "polyfill",
                "portable",
                "shim"
            ],
            "time": "2019-02-06T07:57:58+00:00"
        },
        {
            "name": "typerocket/core",
            "version": "v3.0.58",
            "source": {
                "type": "git",
                "url": "https://github.com/TypeRocket/core.git",
                "reference": "efa2dc83b0b78788010cae74efb0dc4c2453b05b"
            },
            "dist": {
                "type": "zip",
                "url": "https://api.github.com/repos/TypeRocket/core/zipball/efa2dc83b0b78788010cae74efb0dc4c2453b05b",
                "reference": "efa2dc83b0b78788010cae74efb0dc4c2453b05b",
                "shasum": ""
            },
            "require": {
                "php": ">=5.5.9",
                "symfony/console": "3.1.*"
            },
            "require-dev": {
                "phpunit/phpunit": "4.8.*"
            },
            "type": "library",
            "autoload": {
                "files": [
                    "helpers.php"
                ],
                "psr-4": {
                    "TypeRocket\\": "src/"
                }
            },
            "notification-url": "https://packagist.org/downloads/",
            "license": [
                "GPL-3.0-or-later"
            ],
            "authors": [
                {
                    "name": "Kevin Dees",
                    "email": "kevin.dees2@gmail.com"
                }
            ],
            "description": "The TypeRocket WordPress Framework.",
            "homepage": "http://typerocket.com",
            "keywords": [
                "framework",
                "typerocket"
            ],
            "time": "2019-04-15T20:08:13+00:00"
        },
        {
            "name": "typerocket/plugin-builder",
            "version": "v4.0.1",
            "source": {
                "type": "git",
                "url": "https://github.com/TypeRocket/plugin-builder.git",
                "reference": "8da96dd0b0f08c471c1ca33063a76496fe829667"
            },
            "dist": {
                "type": "zip",
                "url": "https://api.github.com/repos/TypeRocket/plugin-builder/zipball/8da96dd0b0f08c471c1ca33063a76496fe829667",
                "reference": "8da96dd0b0f08c471c1ca33063a76496fe829667",
                "shasum": ""
            },
            "require": {
                "php": ">=7"
            },
            "type": "extension",
            "autoload": {
                "psr-4": {
                    "TypeRocketPageBuilder\\": "src/"
                }
            },
            "notification-url": "https://packagist.org/downloads/",
            "license": [
                "GPL-3.0-or-later"
            ],
            "authors": [
                {
                    "name": "Kevin Dees",
                    "homepage": "https://kevdees.com",
                    "role": "Creator"
                }
            ],
            "description": "Page Builder TypeRocket Plugin",
            "homepage": "https://typerocket.com",
            "keywords": [
                "plugin",
                "typerocket"
            ],
            "time": "2019-04-24T15:51:30+00:00"
        },
        {
            "name": "typerocket/plugin-dashboard",
            "version": "v4.0.1",
            "source": {
                "type": "git",
                "url": "https://github.com/TypeRocket/plugin-dashboard.git",
                "reference": "e10553bb0e00e78a17ebcdeb1a21f2ffb9a876c2"
            },
            "dist": {
                "type": "zip",
                "url": "https://api.github.com/repos/TypeRocket/plugin-dashboard/zipball/e10553bb0e00e78a17ebcdeb1a21f2ffb9a876c2",
                "reference": "e10553bb0e00e78a17ebcdeb1a21f2ffb9a876c2",
                "shasum": ""
            },
            "require": {
                "php": ">=7"
            },
            "type": "extension",
            "autoload": {
                "psr-4": {
                    "TypeRocketDashboard\\": "src/"
                }
            },
            "notification-url": "https://packagist.org/downloads/",
            "license": [
                "GPL-3.0-or-later"
            ],
            "authors": [
                {
                    "name": "Kevin Dees",
                    "homepage": "https://kevdees.com",
                    "role": "Creator"
                }
            ],
            "description": "Dashboard TypeRocket Plugin",
            "homepage": "https://typerocket.com",
            "keywords": [
                "plugin",
                "typerocket"
            ],
            "time": "2019-04-24T07:03:02+00:00"
        },
        {
            "name": "typerocket/plugin-dev",
            "version": "v4.0.0",
            "source": {
                "type": "git",
                "url": "https://github.com/TypeRocket/plugin-dev.git",
                "reference": "92b46df17b7d1eca41714104669d73dc35f00168"
            },
            "dist": {
                "type": "zip",
                "url": "https://api.github.com/repos/TypeRocket/plugin-dev/zipball/92b46df17b7d1eca41714104669d73dc35f00168",
                "reference": "92b46df17b7d1eca41714104669d73dc35f00168",
                "shasum": ""
            },
            "require": {
                "php": ">=7"
            },
            "type": "extension",
            "autoload": {
                "psr-4": {
                    "TypeRocketDev\\": "src/"
                }
            },
            "notification-url": "https://packagist.org/downloads/",
            "license": [
                "GPL-3.0-or-later"
            ],
            "authors": [
                {
                    "name": "Kevin Dees",
                    "homepage": "https://kevdees.com",
                    "role": "Creator"
                }
            ],
            "description": "Dev TypeRocket Plugin",
            "homepage": "https://typerocket.com",
            "keywords": [
                "plugin",
                "typerocket"
            ],
            "time": "2019-04-24T05:54:58+00:00"
        },
        {
            "name": "typerocket/plugin-seo",
            "version": "v4.1.4",
            "source": {
                "type": "git",
                "url": "https://github.com/TypeRocket/plugin-seo.git",
                "reference": "19931f03fa273126d4836c0272256e0ab7ab7276"
            },
            "dist": {
                "type": "zip",
                "url": "https://api.github.com/repos/TypeRocket/plugin-seo/zipball/19931f03fa273126d4836c0272256e0ab7ab7276",
                "reference": "19931f03fa273126d4836c0272256e0ab7ab7276",
                "shasum": ""
            },
            "require": {
                "php": ">=7"
            },
            "type": "extension",
            "autoload": {
                "psr-4": {
                    "TypeRocketSEO\\": "src/"
                }
            },
            "notification-url": "https://packagist.org/downloads/",
            "license": [
                "GPL-3.0-or-later"
            ],
            "authors": [
                {
                    "name": "Kevin Dees",
                    "homepage": "https://kevdees.com",
                    "role": "Creator"
                }
            ],
            "description": "SEO TypeRocket Plugin",
            "homepage": "https://typerocket.com",
            "keywords": [
                "plugin",
                "typerocket"
            ],
            "time": "2019-05-14T22:24:32+00:00"
        },
        {
            "name": "typerocket/plugin-theme-options",
            "version": "v4.0.0",
            "source": {
                "type": "git",
                "url": "https://github.com/TypeRocket/plugin-theme-options.git",
                "reference": "9d5f06a77ffc11ec12eb52225292e965ccc68067"
            },
            "dist": {
                "type": "zip",
                "url": "https://api.github.com/repos/TypeRocket/plugin-theme-options/zipball/9d5f06a77ffc11ec12eb52225292e965ccc68067",
                "reference": "9d5f06a77ffc11ec12eb52225292e965ccc68067",
                "shasum": ""
            },
            "require": {
                "php": ">=7"
            },
            "type": "extension",
            "autoload": {
                "psr-4": {
                    "TypeRocketThemeOptions\\": "src/"
                }
            },
            "notification-url": "https://packagist.org/downloads/",
            "license": [
                "GPL-3.0-or-later"
            ],
            "authors": [
                {
                    "name": "Kevin Dees",
                    "homepage": "https://kevdees.com",
                    "role": "Creator"
                }
            ],
            "description": "Theme Options TypeRocket Plugin",
            "homepage": "https://typerocket.com",
            "keywords": [
                "plugin",
                "typerocket"
            ],
            "time": "2019-04-24T06:50:19+00:00"
        }
    ],
    "packages-dev": [],
    "aliases": [],
    "minimum-stability": "stable",
    "stability-flags": [],
    "prefer-stable": false,
    "prefer-lowest": false,
    "platform": {
        "php": ">=5.5.9"
    },
    "platform-dev": []
}
